// !$*UTF8*$!
{
	archiveVersion = 1;
	classes = {
	};
	objectVersion = 56;
	objects = {

/* Begin PBXBuildFile section */
		884AE99C2BDF8DF2000F7F8C /* NSObject+.swift in Sources */ = {isa = PBXBuildFile; fileRef = 884AE99B2BDF8DF2000F7F8C /* NSObject+.swift */; };
		88759DA02BED4C9A000E4B83 /* Moya in Frameworks */ = {isa = PBXBuildFile; productRef = 88759D9F2BED4C9A000E4B83 /* Moya */; };
		888E10462C10D59A00AE311D /* AppTabBarController.swift in Sources */ = {isa = PBXBuildFile; fileRef = 888E10452C10D59A00AE311D /* AppTabBarController.swift */; };
		888E104A2C10D6E500AE311D /* AppTab.swift in Sources */ = {isa = PBXBuildFile; fileRef = 888E10492C10D6E500AE311D /* AppTab.swift */; };
		888E104E2C10DF3000AE311D /* Segments.swift in Sources */ = {isa = PBXBuildFile; fileRef = 888E104D2C10DF3000AE311D /* Segments.swift */; };
		888E10522C10E18200AE311D /* SegmentControlView.swift in Sources */ = {isa = PBXBuildFile; fileRef = 888E10512C10E18200AE311D /* SegmentControlView.swift */; };
		888E10552C10E19D00AE311D /* SegmentCVCell.swift in Sources */ = {isa = PBXBuildFile; fileRef = 888E10542C10E19D00AE311D /* SegmentCVCell.swift */; };
		888E10582C10ED7D00AE311D /* RxCocoa in Frameworks */ = {isa = PBXBuildFile; productRef = 888E10572C10ED7D00AE311D /* RxCocoa */; };
		888E105A2C10ED7D00AE311D /* RxRelay in Frameworks */ = {isa = PBXBuildFile; productRef = 888E10592C10ED7D00AE311D /* RxRelay */; };
		888E105C2C10ED7D00AE311D /* RxSwift in Frameworks */ = {isa = PBXBuildFile; productRef = 888E105B2C10ED7D00AE311D /* RxSwift */; };
		888E10602C11000600AE311D /* ViewModelType.swift in Sources */ = {isa = PBXBuildFile; fileRef = 888E105F2C11000600AE311D /* ViewModelType.swift */; };
		888E10622C11005600AE311D /* HomeViewModel.swift in Sources */ = {isa = PBXBuildFile; fileRef = 888E10612C11005600AE311D /* HomeViewModel.swift */; };
		888E10652C1101B100AE311D /* NormalContent.swift in Sources */ = {isa = PBXBuildFile; fileRef = 888E10642C1101B100AE311D /* NormalContent.swift */; };
		888E10672C1101CA00AE311D /* StreamContent.swift in Sources */ = {isa = PBXBuildFile; fileRef = 888E10662C1101CA00AE311D /* StreamContent.swift */; };
		888E10692C1101DE00AE311D /* AdContent.swift in Sources */ = {isa = PBXBuildFile; fileRef = 888E10682C1101DE00AE311D /* AdContent.swift */; };
		888E106B2C1101E800AE311D /* HeaderContent.swift in Sources */ = {isa = PBXBuildFile; fileRef = 888E106A2C1101E800AE311D /* HeaderContent.swift */; };
		888E106D2C1101FC00AE311D /* MainCVSection.swift in Sources */ = {isa = PBXBuildFile; fileRef = 888E106C2C1101FC00AE311D /* MainCVSection.swift */; };
		888E10702C1105E300AE311D /* NormalContentCVCell.swift in Sources */ = {isa = PBXBuildFile; fileRef = 888E106F2C1105E300AE311D /* NormalContentCVCell.swift */; };
		888E10722C11060900AE311D /* StreamContentCVCell.swift in Sources */ = {isa = PBXBuildFile; fileRef = 888E10712C11060900AE311D /* StreamContentCVCell.swift */; };
		888E10742C11061400AE311D /* AdContentCVCell.swift in Sources */ = {isa = PBXBuildFile; fileRef = 888E10732C11061400AE311D /* AdContentCVCell.swift */; };
		888E10762C11063900AE311D /* CVHeaderView.swift in Sources */ = {isa = PBXBuildFile; fileRef = 888E10752C11063900AE311D /* CVHeaderView.swift */; };
		888E10782C11070900AE311D /* TopCarouselCVCell.swift in Sources */ = {isa = PBXBuildFile; fileRef = 888E10772C11070800AE311D /* TopCarouselCVCell.swift */; };
		888E107A2C110F4F00AE311D /* HomeView.swift in Sources */ = {isa = PBXBuildFile; fileRef = 888E10792C110F4F00AE311D /* HomeView.swift */; };
		88A8942A2BCE644400AEC0A0 /* AppDelegate.swift in Sources */ = {isa = PBXBuildFile; fileRef = 88A894292BCE644400AEC0A0 /* AppDelegate.swift */; };
		88A8942C2BCE644400AEC0A0 /* SceneDelegate.swift in Sources */ = {isa = PBXBuildFile; fileRef = 88A8942B2BCE644400AEC0A0 /* SceneDelegate.swift */; };
		88A894312BCE644400AEC0A0 /* Base in Resources */ = {isa = PBXBuildFile; fileRef = 88A894302BCE644400AEC0A0 /* Base */; };
		88A894332BCE644600AEC0A0 /* Assets.xcassets in Resources */ = {isa = PBXBuildFile; fileRef = 88A894322BCE644600AEC0A0 /* Assets.xcassets */; };
		88A894362BCE644600AEC0A0 /* Base in Resources */ = {isa = PBXBuildFile; fileRef = 88A894352BCE644600AEC0A0 /* Base */; };
		88A8943F2BCE661800AEC0A0 /* SnapKit in Frameworks */ = {isa = PBXBuildFile; productRef = 88A8943E2BCE661800AEC0A0 /* SnapKit */; };
		88A894422BCE662700AEC0A0 /* Then in Frameworks */ = {isa = PBXBuildFile; productRef = 88A894412BCE662700AEC0A0 /* Then */; };
		88A8944E2BCE693000AEC0A0 /* Pretendard-SemiBold.otf in Resources */ = {isa = PBXBuildFile; fileRef = 88A894452BCE693000AEC0A0 /* Pretendard-SemiBold.otf */; };
		88A8944F2BCE693000AEC0A0 /* Pretendard-Bold.otf in Resources */ = {isa = PBXBuildFile; fileRef = 88A894462BCE693000AEC0A0 /* Pretendard-Bold.otf */; };
		88A894502BCE693000AEC0A0 /* Pretendard-Thin.otf in Resources */ = {isa = PBXBuildFile; fileRef = 88A894472BCE693000AEC0A0 /* Pretendard-Thin.otf */; };
		88A894512BCE693000AEC0A0 /* Pretendard-ExtraLight.otf in Resources */ = {isa = PBXBuildFile; fileRef = 88A894482BCE693000AEC0A0 /* Pretendard-ExtraLight.otf */; };
		88A894522BCE693000AEC0A0 /* Pretendard-Light.otf in Resources */ = {isa = PBXBuildFile; fileRef = 88A894492BCE693000AEC0A0 /* Pretendard-Light.otf */; };
		88A894532BCE693000AEC0A0 /* Pretendard-ExtraBold.otf in Resources */ = {isa = PBXBuildFile; fileRef = 88A8944A2BCE693000AEC0A0 /* Pretendard-ExtraBold.otf */; };
		88A894542BCE693000AEC0A0 /* Pretendard-Black.otf in Resources */ = {isa = PBXBuildFile; fileRef = 88A8944B2BCE693000AEC0A0 /* Pretendard-Black.otf */; };
		88A894552BCE693000AEC0A0 /* Pretendard-Regular.otf in Resources */ = {isa = PBXBuildFile; fileRef = 88A8944C2BCE693000AEC0A0 /* Pretendard-Regular.otf */; };
		88A894562BCE693000AEC0A0 /* Pretendard-Medium.otf in Resources */ = {isa = PBXBuildFile; fileRef = 88A8944D2BCE693000AEC0A0 /* Pretendard-Medium.otf */; };
		88A894592BCE69AC00AEC0A0 /* Font+.swift in Sources */ = {isa = PBXBuildFile; fileRef = 88A894582BCE69AC00AEC0A0 /* Font+.swift */; };
		88A8945B2BCE72C100AEC0A0 /* UIView+.swift in Sources */ = {isa = PBXBuildFile; fileRef = 88A8945A2BCE72C100AEC0A0 /* UIView+.swift */; };
		88A8945F2BCE761000AEC0A0 /* UITextField+.swift in Sources */ = {isa = PBXBuildFile; fileRef = 88A8945E2BCE761000AEC0A0 /* UITextField+.swift */; };
		88A894612BCE7A2A00AEC0A0 /* UIColor+.swift in Sources */ = {isa = PBXBuildFile; fileRef = 88A894602BCE7A2A00AEC0A0 /* UIColor+.swift */; };
		88A894642BCEA10700AEC0A0 /* CustomTextField.swift in Sources */ = {isa = PBXBuildFile; fileRef = 88A894632BCEA10700AEC0A0 /* CustomTextField.swift */; };
		88A894662BCEC8C600AEC0A0 /* String+.swift in Sources */ = {isa = PBXBuildFile; fileRef = 88A894652BCEC8C600AEC0A0 /* String+.swift */; };
/* End PBXBuildFile section */

/* Begin PBXFileReference section */
		884AE9882BDF74DB000F7F8C /* AppTabBarController.swift */ = {isa = PBXFileReference; lastKnownFileType = sourcecode.swift; path = AppTabBarController.swift; sourceTree = "<group>"; };
		884AE98E2BDF7B5D000F7F8C /* NormalContentCVCell.swift */ = {isa = PBXFileReference; lastKnownFileType = sourcecode.swift; path = NormalContentCVCell.swift; sourceTree = "<group>"; };
		884AE9902BDF7B76000F7F8C /* StreamContentCVCell.swift */ = {isa = PBXFileReference; lastKnownFileType = sourcecode.swift; path = StreamContentCVCell.swift; sourceTree = "<group>"; };
		884AE9922BDF7B9F000F7F8C /* HomeView.swift */ = {isa = PBXFileReference; lastKnownFileType = sourcecode.swift; path = HomeView.swift; sourceTree = "<group>"; };
		884AE9942BDF7BAF000F7F8C /* HomeViewController.swift */ = {isa = PBXFileReference; lastKnownFileType = sourcecode.swift; path = HomeViewController.swift; sourceTree = "<group>"; };
		884AE9972BDF7CF7000F7F8C /* NormalContent.swift */ = {isa = PBXFileReference; lastKnownFileType = sourcecode.swift; path = NormalContent.swift; sourceTree = "<group>"; };
		884AE9992BDF7D66000F7F8C /* StreamContent.swift */ = {isa = PBXFileReference; lastKnownFileType = sourcecode.swift; path = StreamContent.swift; sourceTree = "<group>"; };
		884AE99B2BDF8DF2000F7F8C /* NSObject+.swift */ = {isa = PBXFileReference; lastKnownFileType = sourcecode.swift; path = "NSObject+.swift"; sourceTree = "<group>"; };
		884AE99D2BDF9C3B000F7F8C /* AdContentCVCell.swift */ = {isa = PBXFileReference; lastKnownFileType = sourcecode.swift; path = AdContentCVCell.swift; sourceTree = "<group>"; };
		884AE99F2BDF9C59000F7F8C /* AdContent.swift */ = {isa = PBXFileReference; lastKnownFileType = sourcecode.swift; path = AdContent.swift; sourceTree = "<group>"; };
		884AE9A12BDF9D70000F7F8C /* MainCollectionView.swift */ = {isa = PBXFileReference; lastKnownFileType = sourcecode.swift; path = MainCollectionView.swift; sourceTree = "<group>"; };
		884AE9A32BE01527000F7F8C /* HeaderView.swift */ = {isa = PBXFileReference; lastKnownFileType = sourcecode.swift; path = HeaderView.swift; sourceTree = "<group>"; };
		884AE9A52BE027C3000F7F8C /* HeaderContent.swift */ = {isa = PBXFileReference; lastKnownFileType = sourcecode.swift; path = HeaderContent.swift; sourceTree = "<group>"; };
		884AE9A72BE02822000F7F8C /* MainCVSection.swift */ = {isa = PBXFileReference; lastKnownFileType = sourcecode.swift; path = MainCVSection.swift; sourceTree = "<group>"; };
		88759D9C2BED488B000E4B83 /* MoyaViewController.swift */ = {isa = PBXFileReference; lastKnownFileType = sourcecode.swift; path = MoyaViewController.swift; sourceTree = "<group>"; };
		88759DA12BED5237000E4B83 /* APIService.swift */ = {isa = PBXFileReference; lastKnownFileType = sourcecode.swift; path = APIService.swift; sourceTree = "<group>"; };
		88759DA32BED5250000E4B83 /* MovieTargetType.swift */ = {isa = PBXFileReference; lastKnownFileType = sourcecode.swift; path = MovieTargetType.swift; sourceTree = "<group>"; };
		88759DAB2BED5551000E4B83 /* Movie.swift */ = {isa = PBXFileReference; lastKnownFileType = sourcecode.swift; path = Movie.swift; sourceTree = "<group>"; };
		88759DAE2BED5A5E000E4B83 /* MovieRowView.swift */ = {isa = PBXFileReference; lastKnownFileType = sourcecode.swift; path = MovieRowView.swift; sourceTree = "<group>"; };
		88759DB02BED6895000E4B83 /* MovieDTO.swift */ = {isa = PBXFileReference; lastKnownFileType = sourcecode.swift; path = MovieDTO.swift; sourceTree = "<group>"; };
		88759DB32BED7BD4000E4B83 /* Config.swift */ = {isa = PBXFileReference; lastKnownFileType = sourcecode.swift; path = Config.swift; sourceTree = "<group>"; };
		888E10452C10D59A00AE311D /* AppTabBarController.swift */ = {isa = PBXFileReference; lastKnownFileType = sourcecode.swift; path = AppTabBarController.swift; sourceTree = "<group>"; };
		888E10492C10D6E500AE311D /* AppTab.swift */ = {isa = PBXFileReference; lastKnownFileType = sourcecode.swift; path = AppTab.swift; sourceTree = "<group>"; };
		888E104D2C10DF3000AE311D /* Segments.swift */ = {isa = PBXFileReference; lastKnownFileType = sourcecode.swift; path = Segments.swift; sourceTree = "<group>"; };
		888E10512C10E18200AE311D /* SegmentControlView.swift */ = {isa = PBXFileReference; lastKnownFileType = sourcecode.swift; path = SegmentControlView.swift; sourceTree = "<group>"; };
		888E10542C10E19D00AE311D /* SegmentCVCell.swift */ = {isa = PBXFileReference; lastKnownFileType = sourcecode.swift; path = SegmentCVCell.swift; sourceTree = "<group>"; };
		888E105F2C11000600AE311D /* ViewModelType.swift */ = {isa = PBXFileReference; lastKnownFileType = sourcecode.swift; path = ViewModelType.swift; sourceTree = "<group>"; };
		888E10612C11005600AE311D /* HomeViewModel.swift */ = {isa = PBXFileReference; lastKnownFileType = sourcecode.swift; path = HomeViewModel.swift; sourceTree = "<group>"; };
		888E10642C1101B100AE311D /* NormalContent.swift */ = {isa = PBXFileReference; lastKnownFileType = sourcecode.swift; path = NormalContent.swift; sourceTree = "<group>"; };
		888E10662C1101CA00AE311D /* StreamContent.swift */ = {isa = PBXFileReference; lastKnownFileType = sourcecode.swift; path = StreamContent.swift; sourceTree = "<group>"; };
		888E10682C1101DE00AE311D /* AdContent.swift */ = {isa = PBXFileReference; lastKnownFileType = sourcecode.swift; path = AdContent.swift; sourceTree = "<group>"; };
		888E106A2C1101E800AE311D /* HeaderContent.swift */ = {isa = PBXFileReference; lastKnownFileType = sourcecode.swift; path = HeaderContent.swift; sourceTree = "<group>"; };
		888E106C2C1101FC00AE311D /* MainCVSection.swift */ = {isa = PBXFileReference; lastKnownFileType = sourcecode.swift; path = MainCVSection.swift; sourceTree = "<group>"; };
		888E106F2C1105E300AE311D /* NormalContentCVCell.swift */ = {isa = PBXFileReference; lastKnownFileType = sourcecode.swift; path = NormalContentCVCell.swift; sourceTree = "<group>"; };
		888E10712C11060900AE311D /* StreamContentCVCell.swift */ = {isa = PBXFileReference; lastKnownFileType = sourcecode.swift; path = StreamContentCVCell.swift; sourceTree = "<group>"; };
		888E10732C11061400AE311D /* AdContentCVCell.swift */ = {isa = PBXFileReference; lastKnownFileType = sourcecode.swift; path = AdContentCVCell.swift; sourceTree = "<group>"; };
		888E10752C11063900AE311D /* CVHeaderView.swift */ = {isa = PBXFileReference; lastKnownFileType = sourcecode.swift; path = CVHeaderView.swift; sourceTree = "<group>"; };
		888E10772C11070800AE311D /* TopCarouselCVCell.swift */ = {isa = PBXFileReference; lastKnownFileType = sourcecode.swift; path = TopCarouselCVCell.swift; sourceTree = "<group>"; };
		888E10792C110F4F00AE311D /* HomeView.swift */ = {isa = PBXFileReference; lastKnownFileType = sourcecode.swift; path = HomeView.swift; sourceTree = "<group>"; };
		889213E12BE02AB8007C8849 /* SegmentControlViewController.swift */ = {isa = PBXFileReference; lastKnownFileType = sourcecode.swift; path = SegmentControlViewController.swift; sourceTree = "<group>"; };
		889213E32BE02AE5007C8849 /* SegmentControlView.swift */ = {isa = PBXFileReference; lastKnownFileType = sourcecode.swift; path = SegmentControlView.swift; sourceTree = "<group>"; };
		889213E52BE02B0C007C8849 /* Segments.swift */ = {isa = PBXFileReference; lastKnownFileType = sourcecode.swift; path = Segments.swift; sourceTree = "<group>"; };
		889213E82BE02D94007C8849 /* SegmentCVCell.swift */ = {isa = PBXFileReference; lastKnownFileType = sourcecode.swift; path = SegmentCVCell.swift; sourceTree = "<group>"; };
		889213EA2BE03C4E007C8849 /* topView.swift */ = {isa = PBXFileReference; lastKnownFileType = sourcecode.swift; path = topView.swift; sourceTree = "<group>"; };
		889213F42BE117BE007C8849 /* topCarouselCVCell.swift */ = {isa = PBXFileReference; lastKnownFileType = sourcecode.swift; path = topCarouselCVCell.swift; sourceTree = "<group>"; };
		88A894262BCE644400AEC0A0 /* 34th_SOPT_Seminar_Assignment.app */ = {isa = PBXFileReference; explicitFileType = wrapper.application; includeInIndex = 0; path = 34th_SOPT_Seminar_Assignment.app; sourceTree = BUILT_PRODUCTS_DIR; };
		88A894292BCE644400AEC0A0 /* AppDelegate.swift */ = {isa = PBXFileReference; lastKnownFileType = sourcecode.swift; path = AppDelegate.swift; sourceTree = "<group>"; };
		88A8942B2BCE644400AEC0A0 /* SceneDelegate.swift */ = {isa = PBXFileReference; lastKnownFileType = sourcecode.swift; path = SceneDelegate.swift; sourceTree = "<group>"; };
		88A8942D2BCE644400AEC0A0 /* ViewController.swift */ = {isa = PBXFileReference; lastKnownFileType = sourcecode.swift; path = ViewController.swift; sourceTree = "<group>"; };
		88A894302BCE644400AEC0A0 /* Base */ = {isa = PBXFileReference; lastKnownFileType = file.storyboard; name = Base; path = Base.lproj/Main.storyboard; sourceTree = "<group>"; };
		88A894322BCE644600AEC0A0 /* Assets.xcassets */ = {isa = PBXFileReference; lastKnownFileType = folder.assetcatalog; path = Assets.xcassets; sourceTree = "<group>"; };
		88A894352BCE644600AEC0A0 /* Base */ = {isa = PBXFileReference; lastKnownFileType = file.storyboard; name = Base; path = Base.lproj/LaunchScreen.storyboard; sourceTree = "<group>"; };
		88A894372BCE644600AEC0A0 /* Info.plist */ = {isa = PBXFileReference; lastKnownFileType = text.plist.xml; path = Info.plist; sourceTree = "<group>"; };
		88A894452BCE693000AEC0A0 /* Pretendard-SemiBold.otf */ = {isa = PBXFileReference; lastKnownFileType = file; path = "Pretendard-SemiBold.otf"; sourceTree = "<group>"; };
		88A894462BCE693000AEC0A0 /* Pretendard-Bold.otf */ = {isa = PBXFileReference; lastKnownFileType = file; path = "Pretendard-Bold.otf"; sourceTree = "<group>"; };
		88A894472BCE693000AEC0A0 /* Pretendard-Thin.otf */ = {isa = PBXFileReference; lastKnownFileType = file; path = "Pretendard-Thin.otf"; sourceTree = "<group>"; };
		88A894482BCE693000AEC0A0 /* Pretendard-ExtraLight.otf */ = {isa = PBXFileReference; lastKnownFileType = file; path = "Pretendard-ExtraLight.otf"; sourceTree = "<group>"; };
		88A894492BCE693000AEC0A0 /* Pretendard-Light.otf */ = {isa = PBXFileReference; lastKnownFileType = file; path = "Pretendard-Light.otf"; sourceTree = "<group>"; };
		88A8944A2BCE693000AEC0A0 /* Pretendard-ExtraBold.otf */ = {isa = PBXFileReference; lastKnownFileType = file; path = "Pretendard-ExtraBold.otf"; sourceTree = "<group>"; };
		88A8944B2BCE693000AEC0A0 /* Pretendard-Black.otf */ = {isa = PBXFileReference; lastKnownFileType = file; path = "Pretendard-Black.otf"; sourceTree = "<group>"; };
		88A8944C2BCE693000AEC0A0 /* Pretendard-Regular.otf */ = {isa = PBXFileReference; lastKnownFileType = file; path = "Pretendard-Regular.otf"; sourceTree = "<group>"; };
		88A8944D2BCE693000AEC0A0 /* Pretendard-Medium.otf */ = {isa = PBXFileReference; lastKnownFileType = file; path = "Pretendard-Medium.otf"; sourceTree = "<group>"; };
		88A894582BCE69AC00AEC0A0 /* Font+.swift */ = {isa = PBXFileReference; lastKnownFileType = sourcecode.swift; path = "Font+.swift"; sourceTree = "<group>"; };
		88A8945A2BCE72C100AEC0A0 /* UIView+.swift */ = {isa = PBXFileReference; lastKnownFileType = sourcecode.swift; path = "UIView+.swift"; sourceTree = "<group>"; };
		88A8945C2BCE738200AEC0A0 /* LoginViewController.swift */ = {isa = PBXFileReference; lastKnownFileType = sourcecode.swift; path = LoginViewController.swift; sourceTree = "<group>"; };
		88A8945E2BCE761000AEC0A0 /* UITextField+.swift */ = {isa = PBXFileReference; lastKnownFileType = sourcecode.swift; path = "UITextField+.swift"; sourceTree = "<group>"; };
		88A894602BCE7A2A00AEC0A0 /* UIColor+.swift */ = {isa = PBXFileReference; lastKnownFileType = sourcecode.swift; path = "UIColor+.swift"; sourceTree = "<group>"; };
		88A894632BCEA10700AEC0A0 /* CustomTextField.swift */ = {isa = PBXFileReference; lastKnownFileType = sourcecode.swift; path = CustomTextField.swift; sourceTree = "<group>"; };
		88A894652BCEC8C600AEC0A0 /* String+.swift */ = {isa = PBXFileReference; lastKnownFileType = sourcecode.swift; path = "String+.swift"; sourceTree = "<group>"; };
		88A894672BCEE2FA00AEC0A0 /* WelcomeViewController.swift */ = {isa = PBXFileReference; lastKnownFileType = sourcecode.swift; path = WelcomeViewController.swift; sourceTree = "<group>"; };
		88A894692BCEE90100AEC0A0 /* NicknameBottomSheetViewController.swift */ = {isa = PBXFileReference; lastKnownFileType = sourcecode.swift; path = NicknameBottomSheetViewController.swift; sourceTree = "<group>"; };
/* End PBXFileReference section */

/* Begin PBXFrameworksBuildPhase section */
		88A894232BCE644400AEC0A0 /* Frameworks */ = {
			isa = PBXFrameworksBuildPhase;
			buildActionMask = 2147483647;
			files = (
				888E105C2C10ED7D00AE311D /* RxSwift in Frameworks */,
				888E105A2C10ED7D00AE311D /* RxRelay in Frameworks */,
				88A8943F2BCE661800AEC0A0 /* SnapKit in Frameworks */,
				88A894422BCE662700AEC0A0 /* Then in Frameworks */,
				888E10582C10ED7D00AE311D /* RxCocoa in Frameworks */,
				88759DA02BED4C9A000E4B83 /* Moya in Frameworks */,
			);
			runOnlyForDeploymentPostprocessing = 0;
		};
/* End PBXFrameworksBuildPhase section */

/* Begin PBXGroup section */
		884AE9872BDF73D5000F7F8C /* Scenes */ = {
			isa = PBXGroup;
			children = (
				889213DC2BE02A69007C8849 /* Common */,
				884AE98A2BDF7ABE000F7F8C /* Home */,
				884AE9882BDF74DB000F7F8C /* AppTabBarController.swift */,
			);
			path = Scenes;
			sourceTree = "<group>";
		};
		884AE98A2BDF7ABE000F7F8C /* Home */ = {
			isa = PBXGroup;
			children = (
				884AE9962BDF7CDF000F7F8C /* Model */,
				884AE98D2BDF7AEB000F7F8C /* Controller */,
				884AE98C2BDF7AC9000F7F8C /* View */,
			);
			path = Home;
			sourceTree = "<group>";
		};
		884AE98B2BDF7AC5000F7F8C /* cell */ = {
			isa = PBXGroup;
			children = (
				884AE98E2BDF7B5D000F7F8C /* NormalContentCVCell.swift */,
				884AE9902BDF7B76000F7F8C /* StreamContentCVCell.swift */,
				884AE99D2BDF9C3B000F7F8C /* AdContentCVCell.swift */,
				884AE9A32BE01527000F7F8C /* HeaderView.swift */,
				889213F42BE117BE007C8849 /* topCarouselCVCell.swift */,
			);
			path = cell;
			sourceTree = "<group>";
		};
		884AE98C2BDF7AC9000F7F8C /* View */ = {
			isa = PBXGroup;
			children = (
				884AE98B2BDF7AC5000F7F8C /* cell */,
				884AE9922BDF7B9F000F7F8C /* HomeView.swift */,
				884AE9A12BDF9D70000F7F8C /* MainCollectionView.swift */,
				889213EA2BE03C4E007C8849 /* topView.swift */,
			);
			path = View;
			sourceTree = "<group>";
		};
		884AE98D2BDF7AEB000F7F8C /* Controller */ = {
			isa = PBXGroup;
			children = (
				884AE9942BDF7BAF000F7F8C /* HomeViewController.swift */,
			);
			path = Controller;
			sourceTree = "<group>";
		};
		884AE9962BDF7CDF000F7F8C /* Model */ = {
			isa = PBXGroup;
			children = (
				884AE9972BDF7CF7000F7F8C /* NormalContent.swift */,
				884AE9992BDF7D66000F7F8C /* StreamContent.swift */,
				884AE99F2BDF9C59000F7F8C /* AdContent.swift */,
				884AE9A52BE027C3000F7F8C /* HeaderContent.swift */,
				884AE9A72BE02822000F7F8C /* MainCVSection.swift */,
			);
			path = Model;
			sourceTree = "<group>";
		};
		88759D992BED4854000E4B83 /* 4th */ = {
			isa = PBXGroup;
			children = (
				88759DB22BED7BCB000E4B83 /* Global */,
				88759D9A2BED4862000E4B83 /* Network */,
				88759DAA2BED5543000E4B83 /* Model */,
				88759D9B2BED486B000E4B83 /* Scenes */,
			);
			path = 4th;
			sourceTree = "<group>";
		};
		88759D9A2BED4862000E4B83 /* Network */ = {
			isa = PBXGroup;
			children = (
				88759DA62BED529E000E4B83 /* DTO */,
				88759DA52BED5282000E4B83 /* Movie */,
				88759DA12BED5237000E4B83 /* APIService.swift */,
			);
			path = Network;
			sourceTree = "<group>";
		};
		88759D9B2BED486B000E4B83 /* Scenes */ = {
			isa = PBXGroup;
			children = (
				88759DAD2BED59FE000E4B83 /* Component */,
				88759D9C2BED488B000E4B83 /* MoyaViewController.swift */,
			);
			path = Scenes;
			sourceTree = "<group>";
		};
		88759DA52BED5282000E4B83 /* Movie */ = {
			isa = PBXGroup;
			children = (
				88759DA32BED5250000E4B83 /* MovieTargetType.swift */,
			);
			path = Movie;
			sourceTree = "<group>";
		};
		88759DA62BED529E000E4B83 /* DTO */ = {
			isa = PBXGroup;
			children = (
				88759DB02BED6895000E4B83 /* MovieDTO.swift */,
			);
			path = DTO;
			sourceTree = "<group>";
		};
		88759DAA2BED5543000E4B83 /* Model */ = {
			isa = PBXGroup;
			children = (
				88759DAB2BED5551000E4B83 /* Movie.swift */,
			);
			path = Model;
			sourceTree = "<group>";
		};
		88759DAD2BED59FE000E4B83 /* Component */ = {
			isa = PBXGroup;
			children = (
				88759DAE2BED5A5E000E4B83 /* MovieRowView.swift */,
			);
			path = Component;
			sourceTree = "<group>";
		};
		88759DB22BED7BCB000E4B83 /* Global */ = {
			isa = PBXGroup;
			children = (
				88759DB32BED7BD4000E4B83 /* Config.swift */,
			);
			path = Global;
			sourceTree = "<group>";
		};
		888E103F2C10CD1300AE311D /* 5th */ = {
			isa = PBXGroup;
			children = (
				888E105F2C11000600AE311D /* ViewModelType.swift */,
				888E10402C10D2C400AE311D /* Presentation */,
			);
			path = 5th;
			sourceTree = "<group>";
		};
		888E10402C10D2C400AE311D /* Presentation */ = {
			isa = PBXGroup;
			children = (
				888E10472C10D6C100AE311D /* TabBar */,
				888E10412C10D2F500AE311D /* Components */,
				888E10422C10D30300AE311D /* Home */,
			);
			path = Presentation;
			sourceTree = "<group>";
		};
		888E10412C10D2F500AE311D /* Components */ = {
			isa = PBXGroup;
			children = (
				888E104B2C10DD0D00AE311D /* SegmentControl */,
			);
			path = Components;
			sourceTree = "<group>";
		};
		888E10422C10D30300AE311D /* Home */ = {
			isa = PBXGroup;
			children = (
				888E10632C1101A600AE311D /* Model */,
				888E10432C10D35500AE311D /* View */,
				888E10442C10D35D00AE311D /* ViewModel */,
			);
			path = Home;
			sourceTree = "<group>";
		};
		888E10432C10D35500AE311D /* View */ = {
			isa = PBXGroup;
			children = (
				888E106E2C1105D700AE311D /* Cell */,
				888E10792C110F4F00AE311D /* HomeView.swift */,
			);
			path = View;
			sourceTree = "<group>";
		};
		888E10442C10D35D00AE311D /* ViewModel */ = {
			isa = PBXGroup;
			children = (
				888E10612C11005600AE311D /* HomeViewModel.swift */,
			);
			path = ViewModel;
			sourceTree = "<group>";
		};
		888E10472C10D6C100AE311D /* TabBar */ = {
			isa = PBXGroup;
			children = (
				888E10482C10D6DF00AE311D /* Model */,
				888E10452C10D59A00AE311D /* AppTabBarController.swift */,
			);
			path = TabBar;
			sourceTree = "<group>";
		};
		888E10482C10D6DF00AE311D /* Model */ = {
			isa = PBXGroup;
			children = (
				888E10492C10D6E500AE311D /* AppTab.swift */,
			);
			path = Model;
			sourceTree = "<group>";
		};
		888E104B2C10DD0D00AE311D /* SegmentControl */ = {
			isa = PBXGroup;
			children = (
				888E104C2C10DF2500AE311D /* Model */,
				888E104F2C10E12B00AE311D /* View */,
			);
			path = SegmentControl;
			sourceTree = "<group>";
		};
		888E104C2C10DF2500AE311D /* Model */ = {
			isa = PBXGroup;
			children = (
				888E104D2C10DF3000AE311D /* Segments.swift */,
			);
			path = Model;
			sourceTree = "<group>";
		};
		888E104F2C10E12B00AE311D /* View */ = {
			isa = PBXGroup;
			children = (
				888E10532C10E19100AE311D /* Cell */,
				888E10512C10E18200AE311D /* SegmentControlView.swift */,
			);
			path = View;
			sourceTree = "<group>";
		};
		888E10532C10E19100AE311D /* Cell */ = {
			isa = PBXGroup;
			children = (
				888E10542C10E19D00AE311D /* SegmentCVCell.swift */,
			);
			path = Cell;
			sourceTree = "<group>";
		};
		888E10632C1101A600AE311D /* Model */ = {
			isa = PBXGroup;
			children = (
				888E10642C1101B100AE311D /* NormalContent.swift */,
				888E10662C1101CA00AE311D /* StreamContent.swift */,
				888E10682C1101DE00AE311D /* AdContent.swift */,
				888E106A2C1101E800AE311D /* HeaderContent.swift */,
				888E106C2C1101FC00AE311D /* MainCVSection.swift */,
			);
			path = Model;
			sourceTree = "<group>";
		};
		888E106E2C1105D700AE311D /* Cell */ = {
			isa = PBXGroup;
			children = (
				888E106F2C1105E300AE311D /* NormalContentCVCell.swift */,
				888E10712C11060900AE311D /* StreamContentCVCell.swift */,
				888E10732C11061400AE311D /* AdContentCVCell.swift */,
				888E10752C11063900AE311D /* CVHeaderView.swift */,
				888E10772C11070800AE311D /* TopCarouselCVCell.swift */,
			);
			path = Cell;
			sourceTree = "<group>";
		};
		889213DC2BE02A69007C8849 /* Common */ = {
			isa = PBXGroup;
			children = (
				889213DD2BE02A73007C8849 /* SegmentControl */,
			);
			path = Common;
			sourceTree = "<group>";
		};
		889213DD2BE02A73007C8849 /* SegmentControl */ = {
			isa = PBXGroup;
			children = (
				889213DE2BE02A8E007C8849 /* Model */,
				889213E02BE02A9E007C8849 /* View */,
				889213DF2BE02A95007C8849 /* Controller */,
			);
			path = SegmentControl;
			sourceTree = "<group>";
		};
		889213DE2BE02A8E007C8849 /* Model */ = {
			isa = PBXGroup;
			children = (
				889213E52BE02B0C007C8849 /* Segments.swift */,
			);
			path = Model;
			sourceTree = "<group>";
		};
		889213DF2BE02A95007C8849 /* Controller */ = {
			isa = PBXGroup;
			children = (
				889213E12BE02AB8007C8849 /* SegmentControlViewController.swift */,
			);
			path = Controller;
			sourceTree = "<group>";
		};
		889213E02BE02A9E007C8849 /* View */ = {
			isa = PBXGroup;
			children = (
				889213E72BE02D7F007C8849 /* cell */,
				889213E32BE02AE5007C8849 /* SegmentControlView.swift */,
			);
			path = View;
			sourceTree = "<group>";
		};
		889213E72BE02D7F007C8849 /* cell */ = {
			isa = PBXGroup;
			children = (
				889213E82BE02D94007C8849 /* SegmentCVCell.swift */,
			);
			path = cell;
			sourceTree = "<group>";
		};
		889213F62BE12117007C8849 /* 2nd */ = {
			isa = PBXGroup;
			children = (
				88A8942D2BCE644400AEC0A0 /* ViewController.swift */,
				88A8945C2BCE738200AEC0A0 /* LoginViewController.swift */,
				88A894672BCEE2FA00AEC0A0 /* WelcomeViewController.swift */,
				88A894692BCEE90100AEC0A0 /* NicknameBottomSheetViewController.swift */,
			);
			path = 2nd;
			sourceTree = "<group>";
		};
		889213F72BE12127007C8849 /* 3rd */ = {
			isa = PBXGroup;
			children = (
				884AE9872BDF73D5000F7F8C /* Scenes */,
			);
			path = 3rd;
			sourceTree = "<group>";
		};
		88A8941D2BCE644400AEC0A0 = {
			isa = PBXGroup;
			children = (
				88A894282BCE644400AEC0A0 /* 34th_SOPT_Seminar_Assignment */,
				88A894272BCE644400AEC0A0 /* Products */,
			);
			sourceTree = "<group>";
		};
		88A894272BCE644400AEC0A0 /* Products */ = {
			isa = PBXGroup;
			children = (
				88A894262BCE644400AEC0A0 /* 34th_SOPT_Seminar_Assignment.app */,
			);
			name = Products;
			sourceTree = "<group>";
		};
		88A894282BCE644400AEC0A0 /* 34th_SOPT_Seminar_Assignment */ = {
			isa = PBXGroup;
			children = (
				888E103F2C10CD1300AE311D /* 5th */,
				88759D992BED4854000E4B83 /* 4th */,
				889213F72BE12127007C8849 /* 3rd */,
				889213F62BE12117007C8849 /* 2nd */,
				88A894622BCEA0F500AEC0A0 /* Component */,
				88A894432BCE690300AEC0A0 /* Common */,
				88A894292BCE644400AEC0A0 /* AppDelegate.swift */,
				88A8942B2BCE644400AEC0A0 /* SceneDelegate.swift */,
				88A8942F2BCE644400AEC0A0 /* Main.storyboard */,
				88A894322BCE644600AEC0A0 /* Assets.xcassets */,
				88A894342BCE644600AEC0A0 /* LaunchScreen.storyboard */,
				88A894372BCE644600AEC0A0 /* Info.plist */,
			);
			path = 34th_SOPT_Seminar_Assignment;
			sourceTree = "<group>";
		};
		88A894432BCE690300AEC0A0 /* Common */ = {
			isa = PBXGroup;
			children = (
				88A894572BCE698100AEC0A0 /* Extension */,
				88A894442BCE690B00AEC0A0 /* Fonts */,
			);
			path = Common;
			sourceTree = "<group>";
		};
		88A894442BCE690B00AEC0A0 /* Fonts */ = {
			isa = PBXGroup;
			children = (
				88A8944B2BCE693000AEC0A0 /* Pretendard-Black.otf */,
				88A894462BCE693000AEC0A0 /* Pretendard-Bold.otf */,
				88A8944A2BCE693000AEC0A0 /* Pretendard-ExtraBold.otf */,
				88A894482BCE693000AEC0A0 /* Pretendard-ExtraLight.otf */,
				88A894492BCE693000AEC0A0 /* Pretendard-Light.otf */,
				88A8944D2BCE693000AEC0A0 /* Pretendard-Medium.otf */,
				88A8944C2BCE693000AEC0A0 /* Pretendard-Regular.otf */,
				88A894452BCE693000AEC0A0 /* Pretendard-SemiBold.otf */,
				88A894472BCE693000AEC0A0 /* Pretendard-Thin.otf */,
			);
			path = Fonts;
			sourceTree = "<group>";
		};
		88A894572BCE698100AEC0A0 /* Extension */ = {
			isa = PBXGroup;
			children = (
				88A894582BCE69AC00AEC0A0 /* Font+.swift */,
				88A8945A2BCE72C100AEC0A0 /* UIView+.swift */,
				88A8945E2BCE761000AEC0A0 /* UITextField+.swift */,
				88A894602BCE7A2A00AEC0A0 /* UIColor+.swift */,
				88A894652BCEC8C600AEC0A0 /* String+.swift */,
				884AE99B2BDF8DF2000F7F8C /* NSObject+.swift */,
			);
			path = Extension;
			sourceTree = "<group>";
		};
		88A894622BCEA0F500AEC0A0 /* Component */ = {
			isa = PBXGroup;
			children = (
				88A894632BCEA10700AEC0A0 /* CustomTextField.swift */,
			);
			path = Component;
			sourceTree = "<group>";
		};
/* End PBXGroup section */

/* Begin PBXNativeTarget section */
		88A894252BCE644400AEC0A0 /* 34th_SOPT_Seminar_Assignment */ = {
			isa = PBXNativeTarget;
			buildConfigurationList = 88A8943A2BCE644600AEC0A0 /* Build configuration list for PBXNativeTarget "34th_SOPT_Seminar_Assignment" */;
			buildPhases = (
				88A894222BCE644400AEC0A0 /* Sources */,
				88A894232BCE644400AEC0A0 /* Frameworks */,
				88A894242BCE644400AEC0A0 /* Resources */,
			);
			buildRules = (
			);
			dependencies = (
			);
			name = 34th_SOPT_Seminar_Assignment;
			packageProductDependencies = (
				88A8943E2BCE661800AEC0A0 /* SnapKit */,
				88A894412BCE662700AEC0A0 /* Then */,
				88759D9F2BED4C9A000E4B83 /* Moya */,
				888E10572C10ED7D00AE311D /* RxCocoa */,
				888E10592C10ED7D00AE311D /* RxRelay */,
				888E105B2C10ED7D00AE311D /* RxSwift */,
			);
			productName = 34th_SOPT_Seminar_Assignment;
			productReference = 88A894262BCE644400AEC0A0 /* 34th_SOPT_Seminar_Assignment.app */;
			productType = "com.apple.product-type.application";
		};
/* End PBXNativeTarget section */

/* Begin PBXProject section */
		88A8941E2BCE644400AEC0A0 /* Project object */ = {
			isa = PBXProject;
			attributes = {
				BuildIndependentTargetsInParallel = 1;
				LastSwiftUpdateCheck = 1530;
				LastUpgradeCheck = 1530;
				TargetAttributes = {
					88A894252BCE644400AEC0A0 = {
						CreatedOnToolsVersion = 15.3;
					};
				};
			};
			buildConfigurationList = 88A894212BCE644400AEC0A0 /* Build configuration list for PBXProject "34th_SOPT_Seminar_Assignment" */;
			compatibilityVersion = "Xcode 14.0";
			developmentRegion = en;
			hasScannedForEncodings = 0;
			knownRegions = (
				en,
				Base,
			);
			mainGroup = 88A8941D2BCE644400AEC0A0;
			packageReferences = (
				88A8943D2BCE661800AEC0A0 /* XCRemoteSwiftPackageReference "SnapKit" */,
				88A894402BCE662700AEC0A0 /* XCRemoteSwiftPackageReference "Then" */,
				88759D9E2BED4C9A000E4B83 /* XCRemoteSwiftPackageReference "Moya" */,
				888E10562C10ED7D00AE311D /* XCRemoteSwiftPackageReference "RxSwift" */,
			);
			productRefGroup = 88A894272BCE644400AEC0A0 /* Products */;
			projectDirPath = "";
			projectRoot = "";
			targets = (
				88A894252BCE644400AEC0A0 /* 34th_SOPT_Seminar_Assignment */,
			);
		};
/* End PBXProject section */

/* Begin PBXResourcesBuildPhase section */
		88A894242BCE644400AEC0A0 /* Resources */ = {
			isa = PBXResourcesBuildPhase;
			buildActionMask = 2147483647;
			files = (
				88A894512BCE693000AEC0A0 /* Pretendard-ExtraLight.otf in Resources */,
				88A894522BCE693000AEC0A0 /* Pretendard-Light.otf in Resources */,
				88A894532BCE693000AEC0A0 /* Pretendard-ExtraBold.otf in Resources */,
				88A894332BCE644600AEC0A0 /* Assets.xcassets in Resources */,
				88A894542BCE693000AEC0A0 /* Pretendard-Black.otf in Resources */,
				88A8944F2BCE693000AEC0A0 /* Pretendard-Bold.otf in Resources */,
				88A894362BCE644600AEC0A0 /* Base in Resources */,
				88A894502BCE693000AEC0A0 /* Pretendard-Thin.otf in Resources */,
				88A894552BCE693000AEC0A0 /* Pretendard-Regular.otf in Resources */,
				88A894312BCE644400AEC0A0 /* Base in Resources */,
				88A8944E2BCE693000AEC0A0 /* Pretendard-SemiBold.otf in Resources */,
				88A894562BCE693000AEC0A0 /* Pretendard-Medium.otf in Resources */,
			);
			runOnlyForDeploymentPostprocessing = 0;
		};
/* End PBXResourcesBuildPhase section */

/* Begin PBXSourcesBuildPhase section */
		88A894222BCE644400AEC0A0 /* Sources */ = {
			isa = PBXSourcesBuildPhase;
			buildActionMask = 2147483647;
			files = (
				888E107A2C110F4F00AE311D /* HomeView.swift in Sources */,
				88A894612BCE7A2A00AEC0A0 /* UIColor+.swift in Sources */,
				888E10762C11063900AE311D /* CVHeaderView.swift in Sources */,
				888E10742C11061400AE311D /* AdContentCVCell.swift in Sources */,
				88A894662BCEC8C600AEC0A0 /* String+.swift in Sources */,
				884AE99C2BDF8DF2000F7F8C /* NSObject+.swift in Sources */,
				888E106D2C1101FC00AE311D /* MainCVSection.swift in Sources */,
				888E10692C1101DE00AE311D /* AdContent.swift in Sources */,
				888E10622C11005600AE311D /* HomeViewModel.swift in Sources */,
				888E104E2C10DF3000AE311D /* Segments.swift in Sources */,
				888E10722C11060900AE311D /* StreamContentCVCell.swift in Sources */,
				888E10782C11070900AE311D /* TopCarouselCVCell.swift in Sources */,
				888E10702C1105E300AE311D /* NormalContentCVCell.swift in Sources */,
				888E10462C10D59A00AE311D /* AppTabBarController.swift in Sources */,
				888E10652C1101B100AE311D /* NormalContent.swift in Sources */,
				888E10672C1101CA00AE311D /* StreamContent.swift in Sources */,
				88A894592BCE69AC00AEC0A0 /* Font+.swift in Sources */,
				888E10522C10E18200AE311D /* SegmentControlView.swift in Sources */,
				888E104A2C10D6E500AE311D /* AppTab.swift in Sources */,
				888E10602C11000600AE311D /* ViewModelType.swift in Sources */,
				888E10552C10E19D00AE311D /* SegmentCVCell.swift in Sources */,
				888E106B2C1101E800AE311D /* HeaderContent.swift in Sources */,
				88A8945F2BCE761000AEC0A0 /* UITextField+.swift in Sources */,
				88A8942A2BCE644400AEC0A0 /* AppDelegate.swift in Sources */,
				88A8942C2BCE644400AEC0A0 /* SceneDelegate.swift in Sources */,
				88A8945B2BCE72C100AEC0A0 /* UIView+.swift in Sources */,
				88A894642BCEA10700AEC0A0 /* CustomTextField.swift in Sources */,
			);
			runOnlyForDeploymentPostprocessing = 0;
		};
/* End PBXSourcesBuildPhase section */

/* Begin PBXVariantGroup section */
		88A8942F2BCE644400AEC0A0 /* Main.storyboard */ = {
			isa = PBXVariantGroup;
			children = (
				88A894302BCE644400AEC0A0 /* Base */,
			);
			name = Main.storyboard;
			sourceTree = "<group>";
		};
		88A894342BCE644600AEC0A0 /* LaunchScreen.storyboard */ = {
			isa = PBXVariantGroup;
			children = (
				88A894352BCE644600AEC0A0 /* Base */,
			);
			name = LaunchScreen.storyboard;
			sourceTree = "<group>";
		};
/* End PBXVariantGroup section */

/* Begin XCBuildConfiguration section */
		88A894382BCE644600AEC0A0 /* Debug */ = {
			isa = XCBuildConfiguration;
			buildSettings = {
				ALWAYS_SEARCH_USER_PATHS = NO;
				ASSETCATALOG_COMPILER_GENERATE_SWIFT_ASSET_SYMBOL_EXTENSIONS = YES;
				CLANG_ANALYZER_NONNULL = YES;
				CLANG_ANALYZER_NUMBER_OBJECT_CONVERSION = YES_AGGRESSIVE;
				CLANG_CXX_LANGUAGE_STANDARD = "gnu++20";
				CLANG_ENABLE_MODULES = YES;
				CLANG_ENABLE_OBJC_ARC = YES;
				CLANG_ENABLE_OBJC_WEAK = YES;
				CLANG_WARN_BLOCK_CAPTURE_AUTORELEASING = YES;
				CLANG_WARN_BOOL_CONVERSION = YES;
				CLANG_WARN_COMMA = YES;
				CLANG_WARN_CONSTANT_CONVERSION = YES;
				CLANG_WARN_DEPRECATED_OBJC_IMPLEMENTATIONS = YES;
				CLANG_WARN_DIRECT_OBJC_ISA_USAGE = YES_ERROR;
				CLANG_WARN_DOCUMENTATION_COMMENTS = YES;
				CLANG_WARN_EMPTY_BODY = YES;
				CLANG_WARN_ENUM_CONVERSION = YES;
				CLANG_WARN_INFINITE_RECURSION = YES;
				CLANG_WARN_INT_CONVERSION = YES;
				CLANG_WARN_NON_LITERAL_NULL_CONVERSION = YES;
				CLANG_WARN_OBJC_IMPLICIT_RETAIN_SELF = YES;
				CLANG_WARN_OBJC_LITERAL_CONVERSION = YES;
				CLANG_WARN_OBJC_ROOT_CLASS = YES_ERROR;
				CLANG_WARN_QUOTED_INCLUDE_IN_FRAMEWORK_HEADER = YES;
				CLANG_WARN_RANGE_LOOP_ANALYSIS = YES;
				CLANG_WARN_STRICT_PROTOTYPES = YES;
				CLANG_WARN_SUSPICIOUS_MOVE = YES;
				CLANG_WARN_UNGUARDED_AVAILABILITY = YES_AGGRESSIVE;
				CLANG_WARN_UNREACHABLE_CODE = YES;
				CLANG_WARN__DUPLICATE_METHOD_MATCH = YES;
				COPY_PHASE_STRIP = NO;
				DEBUG_INFORMATION_FORMAT = dwarf;
				ENABLE_STRICT_OBJC_MSGSEND = YES;
				ENABLE_TESTABILITY = YES;
				ENABLE_USER_SCRIPT_SANDBOXING = YES;
				GCC_C_LANGUAGE_STANDARD = gnu17;
				GCC_DYNAMIC_NO_PIC = NO;
				GCC_NO_COMMON_BLOCKS = YES;
				GCC_OPTIMIZATION_LEVEL = 0;
				GCC_PREPROCESSOR_DEFINITIONS = (
					"DEBUG=1",
					"$(inherited)",
				);
				GCC_WARN_64_TO_32_BIT_CONVERSION = YES;
				GCC_WARN_ABOUT_RETURN_TYPE = YES_ERROR;
				GCC_WARN_UNDECLARED_SELECTOR = YES;
				GCC_WARN_UNINITIALIZED_AUTOS = YES_AGGRESSIVE;
				GCC_WARN_UNUSED_FUNCTION = YES;
				GCC_WARN_UNUSED_VARIABLE = YES;
				IPHONEOS_DEPLOYMENT_TARGET = 17.4;
				LOCALIZATION_PREFERS_STRING_CATALOGS = YES;
				MTL_ENABLE_DEBUG_INFO = INCLUDE_SOURCE;
				MTL_FAST_MATH = YES;
				ONLY_ACTIVE_ARCH = YES;
				SDKROOT = iphoneos;
				SWIFT_ACTIVE_COMPILATION_CONDITIONS = "DEBUG $(inherited)";
				SWIFT_OPTIMIZATION_LEVEL = "-Onone";
			};
			name = Debug;
		};
		88A894392BCE644600AEC0A0 /* Release */ = {
			isa = XCBuildConfiguration;
			buildSettings = {
				ALWAYS_SEARCH_USER_PATHS = NO;
				ASSETCATALOG_COMPILER_GENERATE_SWIFT_ASSET_SYMBOL_EXTENSIONS = YES;
				CLANG_ANALYZER_NONNULL = YES;
				CLANG_ANALYZER_NUMBER_OBJECT_CONVERSION = YES_AGGRESSIVE;
				CLANG_CXX_LANGUAGE_STANDARD = "gnu++20";
				CLANG_ENABLE_MODULES = YES;
				CLANG_ENABLE_OBJC_ARC = YES;
				CLANG_ENABLE_OBJC_WEAK = YES;
				CLANG_WARN_BLOCK_CAPTURE_AUTORELEASING = YES;
				CLANG_WARN_BOOL_CONVERSION = YES;
				CLANG_WARN_COMMA = YES;
				CLANG_WARN_CONSTANT_CONVERSION = YES;
				CLANG_WARN_DEPRECATED_OBJC_IMPLEMENTATIONS = YES;
				CLANG_WARN_DIRECT_OBJC_ISA_USAGE = YES_ERROR;
				CLANG_WARN_DOCUMENTATION_COMMENTS = YES;
				CLANG_WARN_EMPTY_BODY = YES;
				CLANG_WARN_ENUM_CONVERSION = YES;
				CLANG_WARN_INFINITE_RECURSION = YES;
				CLANG_WARN_INT_CONVERSION = YES;
				CLANG_WARN_NON_LITERAL_NULL_CONVERSION = YES;
				CLANG_WARN_OBJC_IMPLICIT_RETAIN_SELF = YES;
				CLANG_WARN_OBJC_LITERAL_CONVERSION = YES;
				CLANG_WARN_OBJC_ROOT_CLASS = YES_ERROR;
				CLANG_WARN_QUOTED_INCLUDE_IN_FRAMEWORK_HEADER = YES;
				CLANG_WARN_RANGE_LOOP_ANALYSIS = YES;
				CLANG_WARN_STRICT_PROTOTYPES = YES;
				CLANG_WARN_SUSPICIOUS_MOVE = YES;
				CLANG_WARN_UNGUARDED_AVAILABILITY = YES_AGGRESSIVE;
				CLANG_WARN_UNREACHABLE_CODE = YES;
				CLANG_WARN__DUPLICATE_METHOD_MATCH = YES;
				COPY_PHASE_STRIP = NO;
				DEBUG_INFORMATION_FORMAT = "dwarf-with-dsym";
				ENABLE_NS_ASSERTIONS = NO;
				ENABLE_STRICT_OBJC_MSGSEND = YES;
				ENABLE_USER_SCRIPT_SANDBOXING = YES;
				GCC_C_LANGUAGE_STANDARD = gnu17;
				GCC_NO_COMMON_BLOCKS = YES;
				GCC_WARN_64_TO_32_BIT_CONVERSION = YES;
				GCC_WARN_ABOUT_RETURN_TYPE = YES_ERROR;
				GCC_WARN_UNDECLARED_SELECTOR = YES;
				GCC_WARN_UNINITIALIZED_AUTOS = YES_AGGRESSIVE;
				GCC_WARN_UNUSED_FUNCTION = YES;
				GCC_WARN_UNUSED_VARIABLE = YES;
				IPHONEOS_DEPLOYMENT_TARGET = 17.4;
				LOCALIZATION_PREFERS_STRING_CATALOGS = YES;
				MTL_ENABLE_DEBUG_INFO = NO;
				MTL_FAST_MATH = YES;
				SDKROOT = iphoneos;
				SWIFT_COMPILATION_MODE = wholemodule;
				VALIDATE_PRODUCT = YES;
			};
			name = Release;
		};
		88A8943B2BCE644600AEC0A0 /* Debug */ = {
			isa = XCBuildConfiguration;
			buildSettings = {
				API_KEY = 12c704dd0f8b32267e6e860adc7928c4;
				ASSETCATALOG_COMPILER_APPICON_NAME = AppIcon;
				ASSETCATALOG_COMPILER_GLOBAL_ACCENT_COLOR_NAME = AccentColor;
				BASE_URL = "http://www.kobis.or.kr/kobisopenapi/webservice/rest";
				CODE_SIGN_STYLE = Automatic;
				CURRENT_PROJECT_VERSION = 1;
				DEVELOPMENT_TEAM = 8T2JAAS967;
				GENERATE_INFOPLIST_FILE = YES;
				INFOPLIST_FILE = 34th_SOPT_Seminar_Assignment/Info.plist;
				INFOPLIST_KEY_UIApplicationSupportsIndirectInputEvents = YES;
				INFOPLIST_KEY_UILaunchStoryboardName = LaunchScreen;
				INFOPLIST_KEY_UISupportedInterfaceOrientations_iPad = "UIInterfaceOrientationPortrait UIInterfaceOrientationPortraitUpsideDown UIInterfaceOrientationLandscapeLeft UIInterfaceOrientationLandscapeRight";
				INFOPLIST_KEY_UISupportedInterfaceOrientations_iPhone = "UIInterfaceOrientationPortrait UIInterfaceOrientationLandscapeLeft UIInterfaceOrientationLandscapeRight";
				LD_RUNPATH_SEARCH_PATHS = (
					"$(inherited)",
					"@executable_path/Frameworks",
				);
				MARKETING_VERSION = 1.0;
				PRODUCT_BUNDLE_IDENTIFIER = "com.Frank.-4th-SOPT-Seminar-Assignment";
				PRODUCT_NAME = "$(TARGET_NAME)";
				SWIFT_EMIT_LOC_STRINGS = YES;
				SWIFT_VERSION = 5.0;
				TARGETED_DEVICE_FAMILY = "1,2";
			};
			name = Debug;
		};
		88A8943C2BCE644600AEC0A0 /* Release */ = {
			isa = XCBuildConfiguration;
			buildSettings = {
				API_KEY = 12c704dd0f8b32267e6e860adc7928c4;
				ASSETCATALOG_COMPILER_APPICON_NAME = AppIcon;
				ASSETCATALOG_COMPILER_GLOBAL_ACCENT_COLOR_NAME = AccentColor;
				BASE_URL = "http://www.kobis.or.kr/kobisopenapi/webservice/rest";
				CODE_SIGN_STYLE = Automatic;
				CURRENT_PROJECT_VERSION = 1;
				DEVELOPMENT_TEAM = 8T2JAAS967;
				GENERATE_INFOPLIST_FILE = YES;
				INFOPLIST_FILE = 34th_SOPT_Seminar_Assignment/Info.plist;
				INFOPLIST_KEY_UIApplicationSupportsIndirectInputEvents = YES;
				INFOPLIST_KEY_UILaunchStoryboardName = LaunchScreen;
				INFOPLIST_KEY_UISupportedInterfaceOrientations_iPad = "UIInterfaceOrientationPortrait UIInterfaceOrientationPortraitUpsideDown UIInterfaceOrientationLandscapeLeft UIInterfaceOrientationLandscapeRight";
				INFOPLIST_KEY_UISupportedInterfaceOrientations_iPhone = "UIInterfaceOrientationPortrait UIInterfaceOrientationLandscapeLeft UIInterfaceOrientationLandscapeRight";
				LD_RUNPATH_SEARCH_PATHS = (
					"$(inherited)",
					"@executable_path/Frameworks",
				);
				MARKETING_VERSION = 1.0;
				PRODUCT_BUNDLE_IDENTIFIER = "com.Frank.-4th-SOPT-Seminar-Assignment";
				PRODUCT_NAME = "$(TARGET_NAME)";
				SWIFT_EMIT_LOC_STRINGS = YES;
				SWIFT_VERSION = 5.0;
				TARGETED_DEVICE_FAMILY = "1,2";
			};
			name = Release;
		};
/* End XCBuildConfiguration section */

/* Begin XCConfigurationList section */
		88A894212BCE644400AEC0A0 /* Build configuration list for PBXProject "34th_SOPT_Seminar_Assignment" */ = {
			isa = XCConfigurationList;
			buildConfigurations = (
				88A894382BCE644600AEC0A0 /* Debug */,
				88A894392BCE644600AEC0A0 /* Release */,
			);
			defaultConfigurationIsVisible = 0;
			defaultConfigurationName = Release;
		};
		88A8943A2BCE644600AEC0A0 /* Build configuration list for PBXNativeTarget "34th_SOPT_Seminar_Assignment" */ = {
			isa = XCConfigurationList;
			buildConfigurations = (
				88A8943B2BCE644600AEC0A0 /* Debug */,
				88A8943C2BCE644600AEC0A0 /* Release */,
			);
			defaultConfigurationIsVisible = 0;
			defaultConfigurationName = Release;
		};
/* End XCConfigurationList section */

/* Begin XCRemoteSwiftPackageReference section */
		88759D9E2BED4C9A000E4B83 /* XCRemoteSwiftPackageReference "Moya" */ = {
			isa = XCRemoteSwiftPackageReference;
			repositoryURL = "https://github.com/Moya/Moya";
			requirement = {
				kind = upToNextMajorVersion;
				minimumVersion = 15.0.3;
			};
		};
		888E10562C10ED7D00AE311D /* XCRemoteSwiftPackageReference "RxSwift" */ = {
			isa = XCRemoteSwiftPackageReference;
			repositoryURL = "https://github.com/ReactiveX/RxSwift.git";
			requirement = {
				kind = upToNextMajorVersion;
				minimumVersion = 6.7.1;
			};
		};
		88A8943D2BCE661800AEC0A0 /* XCRemoteSwiftPackageReference "SnapKit" */ = {
			isa = XCRemoteSwiftPackageReference;
			repositoryURL = "https://github.com/SnapKit/SnapKit.git";
			requirement = {
				kind = upToNextMajorVersion;
				minimumVersion = 5.7.1;
			};
		};
		88A894402BCE662700AEC0A0 /* XCRemoteSwiftPackageReference "Then" */ = {
			isa = XCRemoteSwiftPackageReference;
			repositoryURL = "https://github.com/devxoul/Then.git";
			requirement = {
				kind = upToNextMajorVersion;
				minimumVersion = 3.0.0;
			};
		};
/* End XCRemoteSwiftPackageReference section */

/* Begin XCSwiftPackageProductDependency section */
		88759D9F2BED4C9A000E4B83 /* Moya */ = {
			isa = XCSwiftPackageProductDependency;
			package = 88759D9E2BED4C9A000E4B83 /* XCRemoteSwiftPackageReference "Moya" */;
			productName = Moya;
		};
		888E10572C10ED7D00AE311D /* RxCocoa */ = {
			isa = XCSwiftPackageProductDependency;
			package = 888E10562C10ED7D00AE311D /* XCRemoteSwiftPackageReference "RxSwift" */;
			productName = RxCocoa;
		};
		888E10592C10ED7D00AE311D /* RxRelay */ = {
			isa = XCSwiftPackageProductDependency;
			package = 888E10562C10ED7D00AE311D /* XCRemoteSwiftPackageReference "RxSwift" */;
			productName = RxRelay;
		};
		888E105B2C10ED7D00AE311D /* RxSwift */ = {
			isa = XCSwiftPackageProductDependency;
			package = 888E10562C10ED7D00AE311D /* XCRemoteSwiftPackageReference "RxSwift" */;
			productName = RxSwift;
		};
		88A8943E2BCE661800AEC0A0 /* SnapKit */ = {
			isa = XCSwiftPackageProductDependency;
			package = 88A8943D2BCE661800AEC0A0 /* XCRemoteSwiftPackageReference "SnapKit" */;
			productName = SnapKit;
		};
		88A894412BCE662700AEC0A0 /* Then */ = {
			isa = XCSwiftPackageProductDependency;
			package = 88A894402BCE662700AEC0A0 /* XCRemoteSwiftPackageReference "Then" */;
			productName = Then;
		};
/* End XCSwiftPackageProductDependency section */
	};
	rootObject = 88A8941E2BCE644400AEC0A0 /* Project object */;
}
